
Microsoft Visual Studio Solution File, Format Version 12.00
# Visual Studio 2013
VisualStudioVersion = 12.0.21005.1
MinimumVisualStudioVersion = 10.0.40219.1
Project("{FAE04EC0-301F-11D3-BF4B-00C04F79EFBC}") = "01SumOfThreeNumbers", "01SumOfThreeNumbers\01SumOfThreeNumbers.csproj", "{5BDC9E0E-9748-40F1-96A8-696918673C64}"
EndProject
Project("{FAE04EC0-301F-11D3-BF4B-00C04F79EFBC}") = "02PrintCompanyInformation", "02PrintCompanyInformation\02PrintCompanyInformation.csproj", "{9F351C33-36FF-40A0-B8FD-0D2217B6A0A3}"
EndProject
Project("{FAE04EC0-301F-11D3-BF4B-00C04F79EFBC}") = "03CirclePerimeterArea", "03CirclePerimeterArea\03CirclePerimeterArea.csproj", "{8BF91AE3-8363-4D67-A88E-9A26F30F3F95}"
EndProject
Project("{FAE04EC0-301F-11D3-BF4B-00C04F79EFBC}") = "04NumberComparer", "04NumberComparer\04NumberComparer.csproj", "{CBCB824D-8667-40D0-A093-3A86CF9BCDA4}"
EndProject
Project("{FAE04EC0-301F-11D3-BF4B-00C04F79EFBC}") = "05FormattingNumbers", "05FormattingNumbers\05FormattingNumbers.csproj", "{1F5A734A-DA50-4BA5-B4D8-6F8990FF83DF}"
EndProject
Global
	GlobalSection(SolutionConfigurationPlatforms) = preSolution
		Debug|Any CPU = Debug|Any CPU
		Release|Any CPU = Release|Any CPU
	EndGlobalSection
	GlobalSection(ProjectConfigurationPlatforms) = postSolution
		{5BDC9E0E-9748-40F1-96A8-696918673C64}.Debug|Any CPU.ActiveCfg = Debug|Any CPU
		{5BDC9E0E-9748-40F1-96A8-696918673C64}.Debug|Any CPU.Build.0 = Debug|Any CPU
		{5BDC9E0E-9748-40F1-96A8-696918673C64}.Release|Any CPU.ActiveCfg = Release|Any CPU
		{5BDC9E0E-9748-40F1-96A8-696918673C64}.Release|Any CPU.Build.0 = Release|Any CPU
		{9F351C33-36FF-40A0-B8FD-0D2217B6A0A3}.Debug|Any CPU.ActiveCfg = Debug|Any CPU
		{9F351C33-36FF-40A0-B8FD-0D2217B6A0A3}.Debug|Any CPU.Build.0 = Debug|Any CPU
		{9F351C33-36FF-40A0-B8FD-0D2217B6A0A3}.Release|Any CPU.ActiveCfg = Release|Any CPU
		{9F351C33-36FF-40A0-B8FD-0D2217B6A0A3}.Release|Any CPU.Build.0 = Release|Any CPU
		{8BF91AE3-8363-4D67-A88E-9A26F30F3F95}.Debug|Any CPU.ActiveCfg = Debug|Any CPU
		{8BF91AE3-8363-4D67-A88E-9A26F30F3F95}.Debug|Any CPU.Build.0 = Debug|Any CPU
		{8BF91AE3-8363-4D67-A88E-9A26F30F3F95}.Release|Any CPU.ActiveCfg = Release|Any CPU
		{8BF91AE3-8363-4D67-A88E-9A26F30F3F95}.Release|Any CPU.Build.0 = Release|Any CPU
		{CBCB824D-8667-40D0-A093-3A86CF9BCDA4}.Debug|Any CPU.ActiveCfg = Debug|Any CPU
		{CBCB824D-8667-40D0-A093-3A86CF9BCDA4}.Debug|Any CPU.Build.0 = Debug|Any CPU
		{CBCB824D-8667-40D0-A093-3A86CF9BCDA4}.Release|Any CPU.ActiveCfg = Release|Any CPU
		{CBCB824D-8667-40D0-A093-3A86CF9BCDA4}.Release|Any CPU.Build.0 = Release|Any CPU
		{1F5A734A-DA50-4BA5-B4D8-6F8990FF83DF}.Debug|Any CPU.ActiveCfg = Debug|Any CPU
		{1F5A734A-DA50-4BA5-B4D8-6F8990FF83DF}.Debug|Any CPU.Build.0 = Debug|Any CPU
		{1F5A734A-DA50-4BA5-B4D8-6F8990FF83DF}.Release|Any CPU.ActiveCfg = Release|Any CPU
		{1F5A734A-DA50-4BA5-B4D8-6F8990FF83DF}.Release|Any CPU.Build.0 = Release|Any CPU
	EndGlobalSection
	GlobalSection(SolutionProperties) = preSolution
		HideSolutionNode = FALSE
	EndGlobalSection
EndGlobal
